
Microsoft Visual Studio Solution File, Format Version 12.00
# Visual Studio Version 17
VisualStudioVersion = 17.10.35122.118
MinimumVisualStudioVersion = 10.0.40219.1
Project("{8BC9CEB8-8B4A-11D0-8D11-00A0C91BC942}") = "Multiple Roblox Instances", "Multiple Roblox Instances\Multiple Roblox Instances.vcxproj", "{45088496-4495-4E54-AAF2-1D2EDE29B25F}"
EndProject
Global
	GlobalSection(SolutionConfigurationPlatforms) = preSolution
		Debug|x64 = Debug|x64
		Debug|x86 = Debug|x86
		Release|x64 = Release|x64
		Release|x86 = Release|x86
	EndGlobalSection
	GlobalSection(ProjectConfigurationPlatforms) = postSolution
		{45088496-4495-4E54-AAF2-1D2EDE29B25F}.Debug|x64.ActiveCfg = Debug|x64
		{45088496-4495-4E54-AAF2-1D2EDE29B25F}.Debug|x64.Build.0 = Debug|x64
		{45088496-4495-4E54-AAF2-1D2EDE29B25F}.Debug|x86.ActiveCfg = Debug|Win32
		{45088496-4495-4E54-AAF2-1D2EDE29B25F}.Debug|x86.Build.0 = Debug|Win32
		{45088496-4495-4E54-AAF2-1D2EDE29B25F}.Release|x64.ActiveCfg = Release|x64
		{45088496-4495-4E54-AAF2-1D2EDE29B25F}.Release|x64.Build.0 = Release|x64
		{45088496-4495-4E54-AAF2-1D2EDE29B25F}.Release|x86.ActiveCfg = Release|Win32
		{45088496-4495-4E54-AAF2-1D2EDE29B25F}.Release|x86.Build.0 = Release|Win32
	EndGlobalSection
	GlobalSection(SolutionProperties) = preSolution
		HideSolutionNode = FALSE
	EndGlobalSection
	GlobalSection(ExtensibilityGlobals) = postSolution
		SolutionGuid = {ABCEF051-E8C6-4230-9C36-30C1AF13B679}
	EndGlobalSection
EndGlobal
